{"1.2.0",
[{<<"ecredis_crc16">>,
  {git,"https://github.com/HalloAppInc/ecredis-crc16.git",
       {ref,"df3e2c32d5283d952ccf43be6dd8591f70636b7a"}},
  0},
 {<<"foil">>,
  {git,"https://github.com/lpgauth/foil.git",
       {ref,"e462829855a745d8f20fb0508ae3eb8e323b03bd"}},
  0},
 {<<"granderl">>,{pkg,<<"granderl">>,<<"0.1.5">>},1},
 {<<"metal">>,{pkg,<<"metal">>,<<"0.1.1">>},1},
 {<<"shackle">>,
  {git,"https://github.com/lpgauth/shackle.git",
       {ref,"0e7ac035e9022a1b57ef7e8ac5f824bf26fb2007"}},
  0}]}.
[
{pkg_hash,[
 {<<"granderl">>, <<"F20077A68BD80B8D8783BD15A052813C6483771DEC1A5B837D307CBE92F14122">>},
 {<<"metal">>, <<"5D3D1322DA7BCD34B94FED5486F577973685298883954F7A3E517EF5EF6953F5">>}]},
{pkg_hash_ext,[
 {<<"granderl">>, <<"0641473F29BC3211C832A6DD3ADAA04544A5DFFC1C62372556946F236DF2DAD6">>},
 {<<"metal">>, <<"88B82B634998A1A768DEDCD372C2F7E657B19445325C0AF5CCBAC62C77210F1D">>}]}
].
